
Microsoft Visual Studio Solution File, Format Version 12.00
# Visual Studio Version 16
VisualStudioVersion = 16.0.31129.286
MinimumVisualStudioVersion = 10.0.40219.1
Project("{8BC9CEB8-8B4A-11D0-8D11-00A0C91BC942}") = "21.task7_22", "21.task7_22\21.task7_22.vcxproj", "{42338BC5-2133-4EEA-90C9-DCA465634772}"
EndProject
Global
	GlobalSection(SolutionConfigurationPlatforms) = preSolution
		Debug|x64 = Debug|x64
		Debug|x86 = Debug|x86
		Release|x64 = Release|x64
		Release|x86 = Release|x86
	EndGlobalSection
	GlobalSection(ProjectConfigurationPlatforms) = postSolution
		{42338BC5-2133-4EEA-90C9-DCA465634772}.Debug|x64.ActiveCfg = Debug|x64
		{42338BC5-2133-4EEA-90C9-DCA465634772}.Debug|x64.Build.0 = Debug|x64
		{42338BC5-2133-4EEA-90C9-DCA465634772}.Debug|x86.ActiveCfg = Debug|Win32
		{42338BC5-2133-4EEA-90C9-DCA465634772}.Debug|x86.Build.0 = Debug|Win32
		{42338BC5-2133-4EEA-90C9-DCA465634772}.Release|x64.ActiveCfg = Release|x64
		{42338BC5-2133-4EEA-90C9-DCA465634772}.Release|x64.Build.0 = Release|x64
		{42338BC5-2133-4EEA-90C9-DCA465634772}.Release|x86.ActiveCfg = Release|Win32
		{42338BC5-2133-4EEA-90C9-DCA465634772}.Release|x86.Build.0 = Release|Win32
	EndGlobalSection
	GlobalSection(SolutionProperties) = preSolution
		HideSolutionNode = FALSE
	EndGlobalSection
	GlobalSection(ExtensibilityGlobals) = postSolution
		SolutionGuid = {FA4C4E48-E473-4A93-9D5D-1DE89EEFA1B9}
	EndGlobalSection
EndGlobal
