
Microsoft Visual Studio Solution File, Format Version 12.00
# Visual Studio Version 16
VisualStudioVersion = 16.0.30523.141
MinimumVisualStudioVersion = 10.0.40219.1
Project("{8BC9CEB8-8B4A-11D0-8D11-00A0C91BC942}") = "task 10_13", "task 10_13\task 10_13.vcxproj", "{C466D08C-1FEF-42CA-9D4D-F34B43D123CB}"
EndProject
Global
	GlobalSection(SolutionConfigurationPlatforms) = preSolution
		Debug|x64 = Debug|x64
		Debug|x86 = Debug|x86
		Release|x64 = Release|x64
		Release|x86 = Release|x86
	EndGlobalSection
	GlobalSection(ProjectConfigurationPlatforms) = postSolution
		{C466D08C-1FEF-42CA-9D4D-F34B43D123CB}.Debug|x64.ActiveCfg = Debug|x64
		{C466D08C-1FEF-42CA-9D4D-F34B43D123CB}.Debug|x64.Build.0 = Debug|x64
		{C466D08C-1FEF-42CA-9D4D-F34B43D123CB}.Debug|x86.ActiveCfg = Debug|Win32
		{C466D08C-1FEF-42CA-9D4D-F34B43D123CB}.Debug|x86.Build.0 = Debug|Win32
		{C466D08C-1FEF-42CA-9D4D-F34B43D123CB}.Release|x64.ActiveCfg = Release|x64
		{C466D08C-1FEF-42CA-9D4D-F34B43D123CB}.Release|x64.Build.0 = Release|x64
		{C466D08C-1FEF-42CA-9D4D-F34B43D123CB}.Release|x86.ActiveCfg = Release|Win32
		{C466D08C-1FEF-42CA-9D4D-F34B43D123CB}.Release|x86.Build.0 = Release|Win32
	EndGlobalSection
	GlobalSection(SolutionProperties) = preSolution
		HideSolutionNode = FALSE
	EndGlobalSection
	GlobalSection(ExtensibilityGlobals) = postSolution
		SolutionGuid = {C2025A3F-9535-4BC7-842A-C1619FC2C5E4}
	EndGlobalSection
EndGlobal
