
Microsoft Visual Studio Solution File, Format Version 12.00
# Visual Studio Version 16
VisualStudioVersion = 16.0.30611.23
MinimumVisualStudioVersion = 10.0.40219.1
Project("{8BC9CEB8-8B4A-11D0-8D11-00A0C91BC942}") = "21.task2_15", "21.task2_15\21.task2_15.vcxproj", "{83FAD8FA-CA4F-4C63-AC5E-D1EDA33528E4}"
EndProject
Global
	GlobalSection(SolutionConfigurationPlatforms) = preSolution
		Debug|x64 = Debug|x64
		Debug|x86 = Debug|x86
		Release|x64 = Release|x64
		Release|x86 = Release|x86
	EndGlobalSection
	GlobalSection(ProjectConfigurationPlatforms) = postSolution
		{83FAD8FA-CA4F-4C63-AC5E-D1EDA33528E4}.Debug|x64.ActiveCfg = Debug|x64
		{83FAD8FA-CA4F-4C63-AC5E-D1EDA33528E4}.Debug|x64.Build.0 = Debug|x64
		{83FAD8FA-CA4F-4C63-AC5E-D1EDA33528E4}.Debug|x86.ActiveCfg = Debug|Win32
		{83FAD8FA-CA4F-4C63-AC5E-D1EDA33528E4}.Debug|x86.Build.0 = Debug|Win32
		{83FAD8FA-CA4F-4C63-AC5E-D1EDA33528E4}.Release|x64.ActiveCfg = Release|x64
		{83FAD8FA-CA4F-4C63-AC5E-D1EDA33528E4}.Release|x64.Build.0 = Release|x64
		{83FAD8FA-CA4F-4C63-AC5E-D1EDA33528E4}.Release|x86.ActiveCfg = Release|Win32
		{83FAD8FA-CA4F-4C63-AC5E-D1EDA33528E4}.Release|x86.Build.0 = Release|Win32
	EndGlobalSection
	GlobalSection(SolutionProperties) = preSolution
		HideSolutionNode = FALSE
	EndGlobalSection
	GlobalSection(ExtensibilityGlobals) = postSolution
		SolutionGuid = {BF7AD0DE-4D1E-4E18-905F-706DDEF0456C}
	EndGlobalSection
EndGlobal
