
Microsoft Visual Studio Solution File, Format Version 12.00
# Visual Studio Version 16
VisualStudioVersion = 16.0.30611.23
MinimumVisualStudioVersion = 10.0.40219.1
Project("{8BC9CEB8-8B4A-11D0-8D11-00A0C91BC942}") = "task 11_20", "task 11_20\task 11_20.vcxproj", "{CA6644E0-065E-4EFB-A5A4-7C2512D6E02F}"
EndProject
Global
	GlobalSection(SolutionConfigurationPlatforms) = preSolution
		Debug|x64 = Debug|x64
		Debug|x86 = Debug|x86
		Release|x64 = Release|x64
		Release|x86 = Release|x86
	EndGlobalSection
	GlobalSection(ProjectConfigurationPlatforms) = postSolution
		{CA6644E0-065E-4EFB-A5A4-7C2512D6E02F}.Debug|x64.ActiveCfg = Debug|x64
		{CA6644E0-065E-4EFB-A5A4-7C2512D6E02F}.Debug|x64.Build.0 = Debug|x64
		{CA6644E0-065E-4EFB-A5A4-7C2512D6E02F}.Debug|x86.ActiveCfg = Debug|Win32
		{CA6644E0-065E-4EFB-A5A4-7C2512D6E02F}.Debug|x86.Build.0 = Debug|Win32
		{CA6644E0-065E-4EFB-A5A4-7C2512D6E02F}.Release|x64.ActiveCfg = Release|x64
		{CA6644E0-065E-4EFB-A5A4-7C2512D6E02F}.Release|x64.Build.0 = Release|x64
		{CA6644E0-065E-4EFB-A5A4-7C2512D6E02F}.Release|x86.ActiveCfg = Release|Win32
		{CA6644E0-065E-4EFB-A5A4-7C2512D6E02F}.Release|x86.Build.0 = Release|Win32
	EndGlobalSection
	GlobalSection(SolutionProperties) = preSolution
		HideSolutionNode = FALSE
	EndGlobalSection
	GlobalSection(ExtensibilityGlobals) = postSolution
		SolutionGuid = {75209A0E-4ADC-4FAD-A6FB-56FED0DD1115}
	EndGlobalSection
EndGlobal
