
Microsoft Visual Studio Solution File, Format Version 12.00
# Visual Studio Version 16
VisualStudioVersion = 16.0.31129.286
MinimumVisualStudioVersion = 10.0.40219.1
Project("{8BC9CEB8-8B4A-11D0-8D11-00A0C91BC942}") = "21.task7_26", "21.task7_26\21.task7_26.vcxproj", "{B190621E-D1E5-4818-A262-BA6D193CA5F0}"
EndProject
Global
	GlobalSection(SolutionConfigurationPlatforms) = preSolution
		Debug|x64 = Debug|x64
		Debug|x86 = Debug|x86
		Release|x64 = Release|x64
		Release|x86 = Release|x86
	EndGlobalSection
	GlobalSection(ProjectConfigurationPlatforms) = postSolution
		{B190621E-D1E5-4818-A262-BA6D193CA5F0}.Debug|x64.ActiveCfg = Debug|x64
		{B190621E-D1E5-4818-A262-BA6D193CA5F0}.Debug|x64.Build.0 = Debug|x64
		{B190621E-D1E5-4818-A262-BA6D193CA5F0}.Debug|x86.ActiveCfg = Debug|Win32
		{B190621E-D1E5-4818-A262-BA6D193CA5F0}.Debug|x86.Build.0 = Debug|Win32
		{B190621E-D1E5-4818-A262-BA6D193CA5F0}.Release|x64.ActiveCfg = Release|x64
		{B190621E-D1E5-4818-A262-BA6D193CA5F0}.Release|x64.Build.0 = Release|x64
		{B190621E-D1E5-4818-A262-BA6D193CA5F0}.Release|x86.ActiveCfg = Release|Win32
		{B190621E-D1E5-4818-A262-BA6D193CA5F0}.Release|x86.Build.0 = Release|Win32
	EndGlobalSection
	GlobalSection(SolutionProperties) = preSolution
		HideSolutionNode = FALSE
	EndGlobalSection
	GlobalSection(ExtensibilityGlobals) = postSolution
		SolutionGuid = {221C6F6B-AA73-4CB0-B56B-8998456D945C}
	EndGlobalSection
EndGlobal
