
Microsoft Visual Studio Solution File, Format Version 12.00
# Visual Studio Version 16
VisualStudioVersion = 16.0.30611.23
MinimumVisualStudioVersion = 10.0.40219.1
Project("{8BC9CEB8-8B4A-11D0-8D11-00A0C91BC942}") = "21.task1_17", "21.task1_17\21.task1_17.vcxproj", "{1076E66C-9715-4C56-969A-52D1ACCF6353}"
EndProject
Global
	GlobalSection(SolutionConfigurationPlatforms) = preSolution
		Debug|x64 = Debug|x64
		Debug|x86 = Debug|x86
		Release|x64 = Release|x64
		Release|x86 = Release|x86
	EndGlobalSection
	GlobalSection(ProjectConfigurationPlatforms) = postSolution
		{1076E66C-9715-4C56-969A-52D1ACCF6353}.Debug|x64.ActiveCfg = Debug|x64
		{1076E66C-9715-4C56-969A-52D1ACCF6353}.Debug|x64.Build.0 = Debug|x64
		{1076E66C-9715-4C56-969A-52D1ACCF6353}.Debug|x86.ActiveCfg = Debug|Win32
		{1076E66C-9715-4C56-969A-52D1ACCF6353}.Debug|x86.Build.0 = Debug|Win32
		{1076E66C-9715-4C56-969A-52D1ACCF6353}.Release|x64.ActiveCfg = Release|x64
		{1076E66C-9715-4C56-969A-52D1ACCF6353}.Release|x64.Build.0 = Release|x64
		{1076E66C-9715-4C56-969A-52D1ACCF6353}.Release|x86.ActiveCfg = Release|Win32
		{1076E66C-9715-4C56-969A-52D1ACCF6353}.Release|x86.Build.0 = Release|Win32
	EndGlobalSection
	GlobalSection(SolutionProperties) = preSolution
		HideSolutionNode = FALSE
	EndGlobalSection
	GlobalSection(ExtensibilityGlobals) = postSolution
		SolutionGuid = {201DC82F-AEE3-4717-86D9-B8CC8B95B1DF}
	EndGlobalSection
EndGlobal
